// !$*UTF8*$!
{
	archiveVersion = 1;
	classes = {
	};
	objectVersion = 56;
	objects = {

/* Begin PBXBuildFile section */
		04210E4E28F5BA560043C8E8 /* AppDelegate.swift in Sources */ = {isa = PBXBuildFile; fileRef = 04210E4D28F5BA560043C8E8 /* AppDelegate.swift */; };
		04210E5028F5BA560043C8E8 /* SceneDelegate.swift in Sources */ = {isa = PBXBuildFile; fileRef = 04210E4F28F5BA560043C8E8 /* SceneDelegate.swift */; };
		04210E5228F5BA560043C8E8 /* ViewController.swift in Sources */ = {isa = PBXBuildFile; fileRef = 04210E5128F5BA560043C8E8 /* ViewController.swift */; };
		04210E5528F5BA560043C8E8 /* Main.storyboard in Resources */ = {isa = PBXBuildFile; fileRef = 04210E5328F5BA560043C8E8 /* Main.storyboard */; };
		04210E5728F5BA570043C8E8 /* Assets.xcassets in Resources */ = {isa = PBXBuildFile; fileRef = 04210E5628F5BA570043C8E8 /* Assets.xcassets */; };
		04210E5A28F5BA570043C8E8 /* LaunchScreen.storyboard in Resources */ = {isa = PBXBuildFile; fileRef = 04210E5828F5BA570043C8E8 /* LaunchScreen.storyboard */; };
		04210E6528F664B20043C8E8 /* SnapKit in Frameworks */ = {isa = PBXBuildFile; productRef = 04210E6428F664B20043C8E8 /* SnapKit */; };
		04210E6728F67DCF0043C8E8 /* CollectionViewCell.swift in Sources */ = {isa = PBXBuildFile; fileRef = 04210E6628F67DCF0043C8E8 /* CollectionViewCell.swift */; };
		04210E6928F683E40043C8E8 /* TableViewController.swift in Sources */ = {isa = PBXBuildFile; fileRef = 04210E6828F683E40043C8E8 /* TableViewController.swift */; };
		04210E6B28F68C660043C8E8 /* TableViewCell.swift in Sources */ = {isa = PBXBuildFile; fileRef = 04210E6A28F68C660043C8E8 /* TableViewCell.swift */; };
		04210E7028F695500043C8E8 /* ExampleData.swift in Sources */ = {isa = PBXBuildFile; fileRef = 04210E6F28F695500043C8E8 /* ExampleData.swift */; };
		043C74C128F83D860029CE49 /* CollectionReusableView.swift in Sources */ = {isa = PBXBuildFile; fileRef = 043C74C028F83D860029CE49 /* CollectionReusableView.swift */; };
/* End PBXBuildFile section */

/* Begin PBXFileReference section */
		04210E4A28F5BA560043C8E8 /* TableCollection.app */ = {isa = PBXFileReference; explicitFileType = wrapper.application; includeInIndex = 0; path = TableCollection.app; sourceTree = BUILT_PRODUCTS_DIR; };
		04210E4D28F5BA560043C8E8 /* AppDelegate.swift */ = {isa = PBXFileReference; lastKnownFileType = sourcecode.swift; path = AppDelegate.swift; sourceTree = "<group>"; };
		04210E4F28F5BA560043C8E8 /* SceneDelegate.swift */ = {isa = PBXFileReference; lastKnownFileType = sourcecode.swift; path = SceneDelegate.swift; sourceTree = "<group>"; };
		04210E5128F5BA560043C8E8 /* ViewController.swift */ = {isa = PBXFileReference; lastKnownFileType = sourcecode.swift; path = ViewController.swift; sourceTree = "<group>"; };
		04210E5428F5BA560043C8E8 /* Base */ = {isa = PBXFileReference; lastKnownFileType = file.storyboard; name = Base; path = Base.lproj/Main.storyboard; sourceTree = "<group>"; };
		04210E5628F5BA570043C8E8 /* Assets.xcassets */ = {isa = PBXFileReference; lastKnownFileType = folder.assetcatalog; path = Assets.xcassets; sourceTree = "<group>"; };
		04210E5928F5BA570043C8E8 /* Base */ = {isa = PBXFileReference; lastKnownFileType = file.storyboard; name = Base; path = Base.lproj/LaunchScreen.storyboard; sourceTree = "<group>"; };
		04210E5B28F5BA570043C8E8 /* Info.plist */ = {isa = PBXFileReference; lastKnownFileType = text.plist.xml; path = Info.plist; sourceTree = "<group>"; };
		04210E6628F67DCF0043C8E8 /* CollectionViewCell.swift */ = {isa = PBXFileReference; lastKnownFileType = sourcecode.swift; path = CollectionViewCell.swift; sourceTree = "<group>"; };
		04210E6828F683E40043C8E8 /* TableViewController.swift */ = {isa = PBXFileReference; lastKnownFileType = sourcecode.swift; path = TableViewController.swift; sourceTree = "<group>"; };
		04210E6A28F68C660043C8E8 /* TableViewCell.swift */ = {isa = PBXFileReference; lastKnownFileType = sourcecode.swift; path = TableViewCell.swift; sourceTree = "<group>"; };
		04210E6F28F695500043C8E8 /* ExampleData.swift */ = {isa = PBXFileReference; lastKnownFileType = sourcecode.swift; path = ExampleData.swift; sourceTree = "<group>"; };
		043C74C028F83D860029CE49 /* CollectionReusableView.swift */ = {isa = PBXFileReference; lastKnownFileType = sourcecode.swift; path = CollectionReusableView.swift; sourceTree = "<group>"; };
/* End PBXFileReference section */

/* Begin PBXFrameworksBuildPhase section */
		04210E4728F5BA560043C8E8 /* Frameworks */ = {
			isa = PBXFrameworksBuildPhase;
			buildActionMask = 2147483647;
			files = (
				04210E6528F664B20043C8E8 /* SnapKit in Frameworks */,
			);
			runOnlyForDeploymentPostprocessing = 0;
		};
/* End PBXFrameworksBuildPhase section */

/* Begin PBXGroup section */
		04210E4128F5BA560043C8E8 = {
			isa = PBXGroup;
			children = (
				04210E4C28F5BA560043C8E8 /* TableCollection */,
				04210E4B28F5BA560043C8E8 /* Products */,
			);
			sourceTree = "<group>";
		};
		04210E4B28F5BA560043C8E8 /* Products */ = {
			isa = PBXGroup;
			children = (
				04210E4A28F5BA560043C8E8 /* TableCollection.app */,
			);
			name = Products;
			sourceTree = "<group>";
		};
		04210E4C28F5BA560043C8E8 /* TableCollection */ = {
			isa = PBXGroup;
			children = (
				04210E6E28F695390043C8E8 /* Data */,
				04210E6D28F68ECD0043C8E8 /* Collection */,
				04210E6C28F68EC80043C8E8 /* Table */,
				04210E4D28F5BA560043C8E8 /* AppDelegate.swift */,
				04210E4F28F5BA560043C8E8 /* SceneDelegate.swift */,
				04210E5328F5BA560043C8E8 /* Main.storyboard */,
				04210E5628F5BA570043C8E8 /* Assets.xcassets */,
				04210E5828F5BA570043C8E8 /* LaunchScreen.storyboard */,
				04210E5B28F5BA570043C8E8 /* Info.plist */,
			);
			path = TableCollection;
			sourceTree = "<group>";
		};
		04210E6C28F68EC80043C8E8 /* Table */ = {
			isa = PBXGroup;
			children = (
				04210E6828F683E40043C8E8 /* TableViewController.swift */,
				04210E6A28F68C660043C8E8 /* TableViewCell.swift */,
			);
			path = Table;
			sourceTree = "<group>";
		};
		04210E6D28F68ECD0043C8E8 /* Collection */ = {
			isa = PBXGroup;
			children = (
				04210E5128F5BA560043C8E8 /* ViewController.swift */,
				04210E6628F67DCF0043C8E8 /* CollectionViewCell.swift */,
				043C74C028F83D860029CE49 /* CollectionReusableView.swift */,
			);
			path = Collection;
			sourceTree = "<group>";
		};
		04210E6E28F695390043C8E8 /* Data */ = {
			isa = PBXGroup;
			children = (
				04210E6F28F695500043C8E8 /* ExampleData.swift */,
			);
			path = Data;
			sourceTree = "<group>";
		};
/* End PBXGroup section */

/* Begin PBXNativeTarget section */
		04210E4928F5BA560043C8E8 /* TableCollection */ = {
			isa = PBXNativeTarget;
			buildConfigurationList = 04210E5E28F5BA570043C8E8 /* Build configuration list for PBXNativeTarget "TableCollection" */;
			buildPhases = (
				04210E4628F5BA560043C8E8 /* Sources */,
				04210E4728F5BA560043C8E8 /* Frameworks */,
				04210E4828F5BA560043C8E8 /* Resources */,
			);
			buildRules = (
			);
			dependencies = (
			);
			name = TableCollection;
			packageProductDependencies = (
				04210E6428F664B20043C8E8 /* SnapKit */,
			);
			productName = TableCollection;
			productReference = 04210E4A28F5BA560043C8E8 /* TableCollection.app */;
			productType = "com.apple.product-type.application";
		};
/* End PBXNativeTarget section */

/* Begin PBXProject section */
		04210E4228F5BA560043C8E8 /* Project object */ = {
			isa = PBXProject;
			attributes = {
				BuildIndependentTargetsInParallel = 1;
				LastSwiftUpdateCheck = 1400;
				LastUpgradeCheck = 1400;
				TargetAttributes = {
					04210E4928F5BA560043C8E8 = {
						CreatedOnToolsVersion = 14.0.1;
					};
				};
			};
			buildConfigurationList = 04210E4528F5BA560043C8E8 /* Build configuration list for PBXProject "TableCollection" */;
			compatibilityVersion = "Xcode 14.0";
			developmentRegion = en;
			hasScannedForEncodings = 0;
			knownRegions = (
				en,
				Base,
			);
			mainGroup = 04210E4128F5BA560043C8E8;
			packageReferences = (
				04210E6328F664B20043C8E8 /* XCRemoteSwiftPackageReference "SnapKit" */,
			);
			productRefGroup = 04210E4B28F5BA560043C8E8 /* Products */;
			projectDirPath = "";
			projectRoot = "";
			targets = (
				04210E4928F5BA560043C8E8 /* TableCollection */,
			);
		};
/* End PBXProject section */

/* Begin PBXResourcesBuildPhase section */
		04210E4828F5BA560043C8E8 /* Resources */ = {
			isa = PBXResourcesBuildPhase;
			buildActionMask = 2147483647;
			files = (
				04210E5A28F5BA570043C8E8 /* LaunchScreen.storyboard in Resources */,
				04210E5728F5BA570043C8E8 /* Assets.xcassets in Resources */,
				04210E5528F5BA560043C8E8 /* Main.storyboard in Resources */,
			);
			runOnlyForDeploymentPostprocessing = 0;
		};
/* End PBXResourcesBuildPhase section */

/* Begin PBXSourcesBuildPhase section */
		04210E4628F5BA560043C8E8 /* Sources */ = {
			isa = PBXSourcesBuildPhase;
			buildActionMask = 2147483647;
			files = (
				04210E7028F695500043C8E8 /* ExampleData.swift in Sources */,
				043C74C128F83D860029CE49 /* CollectionReusableView.swift in Sources */,
				04210E5228F5BA560043C8E8 /* ViewController.swift in Sources */,
				04210E4E28F5BA560043C8E8 /* AppDelegate.swift in Sources */,
				04210E6728F67DCF0043C8E8 /* CollectionViewCell.swift in Sources */,
				04210E6B28F68C660043C8E8 /* TableViewCell.swift in Sources */,
				04210E6928F683E40043C8E8 /* TableViewController.swift in Sources */,
				04210E5028F5BA560043C8E8 /* SceneDelegate.swift in Sources */,
			);
			runOnlyForDeploymentPostprocessing = 0;
		};
/* End PBXSourcesBuildPhase section */

/* Begin PBXVariantGroup section */
		04210E5328F5BA560043C8E8 /* Main.storyboard */ = {
			isa = PBXVariantGroup;
			children = (
				04210E5428F5BA560043C8E8 /* Base */,
			);
			name = Main.storyboard;
			sourceTree = "<group>";
		};
		04210E5828F5BA570043C8E8 /* LaunchScreen.storyboard */ = {
			isa = PBXVariantGroup;
			children = (
				04210E5928F5BA570043C8E8 /* Base */,
			);
			name = LaunchScreen.storyboard;
			sourceTree = "<group>";
		};
/* End PBXVariantGroup section */

/* Begin XCBuildConfiguration section */
		04210E5C28F5BA570043C8E8 /* Debug */ = {
			isa = XCBuildConfiguration;
			buildSettings = {
				ALWAYS_SEARCH_USER_PATHS = NO;
				CLANG_ANALYZER_NONNULL = YES;
				CLANG_ANALYZER_NUMBER_OBJECT_CONVERSION = YES_AGGRESSIVE;
				CLANG_CXX_LANGUAGE_STANDARD = "gnu++20";
				CLANG_ENABLE_MODULES = YES;
				CLANG_ENABLE_OBJC_ARC = YES;
				CLANG_ENABLE_OBJC_WEAK = YES;
				CLANG_WARN_BLOCK_CAPTURE_AUTORELEASING = YES;
				CLANG_WARN_BOOL_CONVERSION = YES;
				CLANG_WARN_COMMA = YES;
				CLANG_WARN_CONSTANT_CONVERSION = YES;
				CLANG_WARN_DEPRECATED_OBJC_IMPLEMENTATIONS = YES;
				CLANG_WARN_DIRECT_OBJC_ISA_USAGE = YES_ERROR;
				CLANG_WARN_DOCUMENTATION_COMMENTS = YES;
				CLANG_WARN_EMPTY_BODY = YES;
				CLANG_WARN_ENUM_CONVERSION = YES;
				CLANG_WARN_INFINITE_RECURSION = YES;
				CLANG_WARN_INT_CONVERSION = YES;
				CLANG_WARN_NON_LITERAL_NULL_CONVERSION = YES;
				CLANG_WARN_OBJC_IMPLICIT_RETAIN_SELF = YES;
				CLANG_WARN_OBJC_LITERAL_CONVERSION = YES;
				CLANG_WARN_OBJC_ROOT_CLASS = YES_ERROR;
				CLANG_WARN_QUOTED_INCLUDE_IN_FRAMEWORK_HEADER = YES;
				CLANG_WARN_RANGE_LOOP_ANALYSIS = YES;
				CLANG_WARN_STRICT_PROTOTYPES = YES;
				CLANG_WARN_SUSPICIOUS_MOVE = YES;
				CLANG_WARN_UNGUARDED_AVAILABILITY = YES_AGGRESSIVE;
				CLANG_WARN_UNREACHABLE_CODE = YES;
				CLANG_WARN__DUPLICATE_METHOD_MATCH = YES;
				COPY_PHASE_STRIP = NO;
				DEBUG_INFORMATION_FORMAT = dwarf;
				ENABLE_STRICT_OBJC_MSGSEND = YES;
				ENABLE_TESTABILITY = YES;
				GCC_C_LANGUAGE_STANDARD = gnu11;
				GCC_DYNAMIC_NO_PIC = NO;
				GCC_NO_COMMON_BLOCKS = YES;
				GCC_OPTIMIZATION_LEVEL = 0;
				GCC_PREPROCESSOR_DEFINITIONS = (
					"DEBUG=1",
					"$(inherited)",
				);
				GCC_WARN_64_TO_32_BIT_CONVERSION = YES;
				GCC_WARN_ABOUT_RETURN_TYPE = YES_ERROR;
				GCC_WARN_UNDECLARED_SELECTOR = YES;
				GCC_WARN_UNINITIALIZED_AUTOS = YES_AGGRESSIVE;
				GCC_WARN_UNUSED_FUNCTION = YES;
				GCC_WARN_UNUSED_VARIABLE = YES;
				IPHONEOS_DEPLOYMENT_TARGET = 16.0;
				MTL_ENABLE_DEBUG_INFO = INCLUDE_SOURCE;
				MTL_FAST_MATH = YES;
				ONLY_ACTIVE_ARCH = YES;
				SDKROOT = iphoneos;
				SWIFT_ACTIVE_COMPILATION_CONDITIONS = DEBUG;
				SWIFT_OPTIMIZATION_LEVEL = "-Onone";
			};
			name = Debug;
		};
		04210E5D28F5BA570043C8E8 /* Release */ = {
			isa = XCBuildConfiguration;
			buildSettings = {
				ALWAYS_SEARCH_USER_PATHS = NO;
				CLANG_ANALYZER_NONNULL = YES;
				CLANG_ANALYZER_NUMBER_OBJECT_CONVERSION = YES_AGGRESSIVE;
				CLANG_CXX_LANGUAGE_STANDARD = "gnu++20";
				CLANG_ENABLE_MODULES = YES;
				CLANG_ENABLE_OBJC_ARC = YES;
				CLANG_ENABLE_OBJC_WEAK = YES;
				CLANG_WARN_BLOCK_CAPTURE_AUTORELEASING = YES;
				CLANG_WARN_BOOL_CONVERSION = YES;
				CLANG_WARN_COMMA = YES;
				CLANG_WARN_CONSTANT_CONVERSION = YES;
				CLANG_WARN_DEPRECATED_OBJC_IMPLEMENTATIONS = YES;
				CLANG_WARN_DIRECT_OBJC_ISA_USAGE = YES_ERROR;
				CLANG_WARN_DOCUMENTATION_COMMENTS = YES;
				CLANG_WARN_EMPTY_BODY = YES;
				CLANG_WARN_ENUM_CONVERSION = YES;
				CLANG_WARN_INFINITE_RECURSION = YES;
				CLANG_WARN_INT_CONVERSION = YES;
				CLANG_WARN_NON_LITERAL_NULL_CONVERSION = YES;
				CLANG_WARN_OBJC_IMPLICIT_RETAIN_SELF = YES;
				CLANG_WARN_OBJC_LITERAL_CONVERSION = YES;
				CLANG_WARN_OBJC_ROOT_CLASS = YES_ERROR;
				CLANG_WARN_QUOTED_INCLUDE_IN_FRAMEWORK_HEADER = YES;
				CLANG_WARN_RANGE_LOOP_ANALYSIS = YES;
				CLANG_WARN_STRICT_PROTOTYPES = YES;
				CLANG_WARN_SUSPICIOUS_MOVE = YES;
				CLANG_WARN_UNGUARDED_AVAILABILITY = YES_AGGRESSIVE;
				CLANG_WARN_UNREACHABLE_CODE = YES;
				CLANG_WARN__DUPLICATE_METHOD_MATCH = YES;
				COPY_PHASE_STRIP = NO;
				DEBUG_INFORMATION_FORMAT = "dwarf-with-dsym";
				ENABLE_NS_ASSERTIONS = NO;
				ENABLE_STRICT_OBJC_MSGSEND = YES;
				GCC_C_LANGUAGE_STANDARD = gnu11;
				GCC_NO_COMMON_BLOCKS = YES;
				GCC_WARN_64_TO_32_BIT_CONVERSION = YES;
				GCC_WARN_ABOUT_RETURN_TYPE = YES_ERROR;
				GCC_WARN_UNDECLARED_SELECTOR = YES;
				GCC_WARN_UNINITIALIZED_AUTOS = YES_AGGRESSIVE;
				GCC_WARN_UNUSED_FUNCTION = YES;
				GCC_WARN_UNUSED_VARIABLE = YES;
				IPHONEOS_DEPLOYMENT_TARGET = 16.0;
				MTL_ENABLE_DEBUG_INFO = NO;
				MTL_FAST_MATH = YES;
				SDKROOT = iphoneos;
				SWIFT_COMPILATION_MODE = wholemodule;
				SWIFT_OPTIMIZATION_LEVEL = "-O";
				VALIDATE_PRODUCT = YES;
			};
			name = Release;
		};
		04210E5F28F5BA570043C8E8 /* Debug */ = {
			isa = XCBuildConfiguration;
			buildSettings = {
				ASSETCATALOG_COMPILER_APPICON_NAME = AppIcon;
				ASSETCATALOG_COMPILER_GLOBAL_ACCENT_COLOR_NAME = AccentColor;
				CODE_SIGN_STYLE = Automatic;
				CURRENT_PROJECT_VERSION = 1;
				DEVELOPMENT_TEAM = TDUR55YWW6;
				GENERATE_INFOPLIST_FILE = YES;
				INFOPLIST_FILE = TableCollection/Info.plist;
				INFOPLIST_KEY_UIApplicationSupportsIndirectInputEvents = YES;
				INFOPLIST_KEY_UILaunchStoryboardName = LaunchScreen;
				INFOPLIST_KEY_UIMainStoryboardFile = Main;
				INFOPLIST_KEY_UISupportedInterfaceOrientations_iPad = "UIInterfaceOrientationPortrait UIInterfaceOrientationPortraitUpsideDown UIInterfaceOrientationLandscapeLeft UIInterfaceOrientationLandscapeRight";
				INFOPLIST_KEY_UISupportedInterfaceOrientations_iPhone = "UIInterfaceOrientationPortrait UIInterfaceOrientationLandscapeLeft UIInterfaceOrientationLandscapeRight";
				LD_RUNPATH_SEARCH_PATHS = (
					"$(inherited)",
					"@executable_path/Frameworks",
				);
				MARKETING_VERSION = 1.0;
				PRODUCT_BUNDLE_IDENTIFIER = com.ognam.TableCollection;
				PRODUCT_NAME = "$(TARGET_NAME)";
				SWIFT_EMIT_LOC_STRINGS = YES;
				SWIFT_VERSION = 5.0;
				TARGETED_DEVICE_FAMILY = "1,2";
			};
			name = Debug;
		};
		04210E6028F5BA570043C8E8 /* Release */ = {
			isa = XCBuildConfiguration;
			buildSettings = {
				ASSETCATALOG_COMPILER_APPICON_NAME = AppIcon;
				ASSETCATALOG_COMPILER_GLOBAL_ACCENT_COLOR_NAME = AccentColor;
				CODE_SIGN_STYLE = Automatic;
				CURRENT_PROJECT_VERSION = 1;
				DEVELOPMENT_TEAM = TDUR55YWW6;
				GENERATE_INFOPLIST_FILE = YES;
				INFOPLIST_FILE = TableCollection/Info.plist;
				INFOPLIST_KEY_UIApplicationSupportsIndirectInputEvents = YES;
				INFOPLIST_KEY_UILaunchStoryboardName = LaunchScreen;
				INFOPLIST_KEY_UIMainStoryboardFile = Main;
				INFOPLIST_KEY_UISupportedInterfaceOrientations_iPad = "UIInterfaceOrientationPortrait UIInterfaceOrientationPortraitUpsideDown UIInterfaceOrientationLandscapeLeft UIInterfaceOrientationLandscapeRight";
				INFOPLIST_KEY_UISupportedInterfaceOrientations_iPhone = "UIInterfaceOrientationPortrait UIInterfaceOrientationLandscapeLeft UIInterfaceOrientationLandscapeRight";
				LD_RUNPATH_SEARCH_PATHS = (
					"$(inherited)",
					"@executable_path/Frameworks",
				);
				MARKETING_VERSION = 1.0;
				PRODUCT_BUNDLE_IDENTIFIER = com.ognam.TableCollection;
				PRODUCT_NAME = "$(TARGET_NAME)";
				SWIFT_EMIT_LOC_STRINGS = YES;
				SWIFT_VERSION = 5.0;
				TARGETED_DEVICE_FAMILY = "1,2";
			};
			name = Release;
		};
/* End XCBuildConfiguration section */

/* Begin XCConfigurationList section */
		04210E4528F5BA560043C8E8 /* Build configuration list for PBXProject "TableCollection" */ = {
			isa = XCConfigurationList;
			buildConfigurations = (
				04210E5C28F5BA570043C8E8 /* Debug */,
				04210E5D28F5BA570043C8E8 /* Release */,
			);
			defaultConfigurationIsVisible = 0;
			defaultConfigurationName = Release;
		};
		04210E5E28F5BA570043C8E8 /* Build configuration list for PBXNativeTarget "TableCollection" */ = {
			isa = XCConfigurationList;
			buildConfigurations = (
				04210E5F28F5BA570043C8E8 /* Debug */,
				04210E6028F5BA570043C8E8 /* Release */,
			);
			defaultConfigurationIsVisible = 0;
			defaultConfigurationName = Release;
		};
/* End XCConfigurationList section */

/* Begin XCRemoteSwiftPackageReference section */
		04210E6328F664B20043C8E8 /* XCRemoteSwiftPackageReference "SnapKit" */ = {
			isa = XCRemoteSwiftPackageReference;
			repositoryURL = "https://github.com/SnapKit/SnapKit";
			requirement = {
				branch = develop;
				kind = branch;
			};
		};
/* End XCRemoteSwiftPackageReference section */

/* Begin XCSwiftPackageProductDependency section */
		04210E6428F664B20043C8E8 /* SnapKit */ = {
			isa = XCSwiftPackageProductDependency;
			package = 04210E6328F664B20043C8E8 /* XCRemoteSwiftPackageReference "SnapKit" */;
			productName = SnapKit;
		};
/* End XCSwiftPackageProductDependency section */
	};
	rootObject = 04210E4228F5BA560043C8E8 /* Project object */;
}
